
Microsoft Visual Studio Solution File, Format Version 12.00
# Visual Studio 15
VisualStudioVersion = 15.0.28307.1500
MinimumVisualStudioVersion = 10.0.40219.1
Project("{FAE04EC0-301F-11D3-BF4B-00C04F79EFBC}") = "QLQuanCafe", "GUI\QLQuanCafe.csproj", "{29CB26D7-6FAF-4E77-88DE-608C6FBA2D02}"
EndProject
Global
	GlobalSection(SolutionConfigurationPlatforms) = preSolution
		Debug|Any CPU = Debug|Any CPU
		Release|Any CPU = Release|Any CPU
	EndGlobalSection
	GlobalSection(ProjectConfigurationPlatforms) = postSolution
		{29CB26D7-6FAF-4E77-88DE-608C6FBA2D02}.Debug|Any CPU.ActiveCfg = Debug|Any CPU
		{29CB26D7-6FAF-4E77-88DE-608C6FBA2D02}.Debug|Any CPU.Build.0 = Debug|Any CPU
		{29CB26D7-6FAF-4E77-88DE-608C6FBA2D02}.Release|Any CPU.ActiveCfg = Release|Any CPU
		{29CB26D7-6FAF-4E77-88DE-608C6FBA2D02}.Release|Any CPU.Build.0 = Release|Any CPU
	EndGlobalSection
	GlobalSection(SolutionProperties) = preSolution
		HideSolutionNode = FALSE
	EndGlobalSection
	GlobalSection(ExtensibilityGlobals) = postSolution
		SolutionGuid = {77C4A03D-8348-4F43-A2C9-660FB292949B}
	EndGlobalSection
EndGlobal
